
Microsoft Visual Studio Solution File, Format Version 12.00
# Visual Studio Version 17
VisualStudioVersion = 17.7.34024.191
MinimumVisualStudioVersion = 10.0.40219.1
Project("{FAE04EC0-301F-11D3-BF4B-00C04F79EFBC}") = "CGLab4", "CGLab4\CGLab4.csproj", "{DDAB3488-360C-46E6-B728-53D8B2453176}"
EndProject
Global
	GlobalSection(SolutionConfigurationPlatforms) = preSolution
		Debug|Any CPU = Debug|Any CPU
		Release|Any CPU = Release|Any CPU
	EndGlobalSection
	GlobalSection(ProjectConfigurationPlatforms) = postSolution
		{DDAB3488-360C-46E6-B728-53D8B2453176}.Debug|Any CPU.ActiveCfg = Debug|Any CPU
		{DDAB3488-360C-46E6-B728-53D8B2453176}.Debug|Any CPU.Build.0 = Debug|Any CPU
		{DDAB3488-360C-46E6-B728-53D8B2453176}.Release|Any CPU.ActiveCfg = Release|Any CPU
		{DDAB3488-360C-46E6-B728-53D8B2453176}.Release|Any CPU.Build.0 = Release|Any CPU
	EndGlobalSection
	GlobalSection(SolutionProperties) = preSolution
		HideSolutionNode = FALSE
	EndGlobalSection
	GlobalSection(ExtensibilityGlobals) = postSolution
		SolutionGuid = {ADEAB715-1845-41CF-95BA-B282957E9AD2}
	EndGlobalSection
EndGlobal
